
Microsoft Visual Studio Solution File, Format Version 12.00
# Visual Studio Version 16
VisualStudioVersion = 16.0.28803.452
MinimumVisualStudioVersion = 10.0.40219.1
Project("{FAE04EC0-301F-11D3-BF4B-00C04F79EFBC}") = "Stack", "Stack\Stack.csproj", "{CDA2DD41-B9E9-4908-A0D2-D63EAB62D391}"
EndProject
Global
	GlobalSection(SolutionConfigurationPlatforms) = preSolution
		Debug|Any CPU = Debug|Any CPU
		Release|Any CPU = Release|Any CPU
	EndGlobalSection
	GlobalSection(ProjectConfigurationPlatforms) = postSolution
		{CDA2DD41-B9E9-4908-A0D2-D63EAB62D391}.Debug|Any CPU.ActiveCfg = Debug|Any CPU
		{CDA2DD41-B9E9-4908-A0D2-D63EAB62D391}.Debug|Any CPU.Build.0 = Debug|Any CPU
		{CDA2DD41-B9E9-4908-A0D2-D63EAB62D391}.Release|Any CPU.ActiveCfg = Release|Any CPU
		{CDA2DD41-B9E9-4908-A0D2-D63EAB62D391}.Release|Any CPU.Build.0 = Release|Any CPU
	EndGlobalSection
	GlobalSection(SolutionProperties) = preSolution
		HideSolutionNode = FALSE
	EndGlobalSection
	GlobalSection(ExtensibilityGlobals) = postSolution
		SolutionGuid = {267FA28A-44B1-4648-BAF4-1785229434FF}
	EndGlobalSection
EndGlobal
